
Microsoft Visual Studio Solution File, Format Version 12.00
# Visual Studio 14
VisualStudioVersion = 14.0.25420.1
MinimumVisualStudioVersion = 10.0.40219.1
Project("{FAE04EC0-301F-11D3-BF4B-00C04F79EFBC}") = "CSV Analyzer Pro", "CSV Analyzer Pro\CSV Analyzer Pro.csproj", "{EFC26F69-A59F-4CEE-940E-E4949B381190}"
EndProject
Global
	
	GlobalSection(SolutionProperties) = preSolution
		HideSolutionNode = FALSE
	EndGlobalSection
EndGlobal
