
Microsoft Visual Studio Solution File, Format Version 12.00
# Visual Studio 15
VisualStudioVersion = 15.0.26730.8
MinimumVisualStudioVersion = 10.0.40219.1
Project("{FAE04EC0-301F-11D3-BF4B-00C04F79EFBC}") = "CSV Analyzer Pro", "CSV Analyzer Pro\CSV Analyzer Pro.csproj", "{EFC26F69-A59F-4CEE-940E-E4949B381190}"
EndProject
Global
	GlobalSection(SolutionConfigurationPlatforms) = preSolution
		Debug|Any CPU = Debug|Any CPU
		Debug|x64 = Debug|x64
		Release|Any CPU = Release|Any CPU
		Release|x64 = Release|x64
	EndGlobalSection
	GlobalSection(ProjectConfigurationPlatforms) = postSolution
		{EFC26F69-A59F-4CEE-940E-E4949B381190}.Debug|Any CPU.ActiveCfg = Release|Any CPU
		{EFC26F69-A59F-4CEE-940E-E4949B381190}.Debug|Any CPU.Build.0 = Release|Any CPU
		{EFC26F69-A59F-4CEE-940E-E4949B381190}.Debug|x64.ActiveCfg = Release|x64
		{EFC26F69-A59F-4CEE-940E-E4949B381190}.Debug|x64.Build.0 = Release|x64
		{EFC26F69-A59F-4CEE-940E-E4949B381190}.Release|Any CPU.ActiveCfg = Release|Any CPU
		{EFC26F69-A59F-4CEE-940E-E4949B381190}.Release|Any CPU.Build.0 = Release|Any CPU
		{EFC26F69-A59F-4CEE-940E-E4949B381190}.Release|x64.ActiveCfg = Release|x64
		{EFC26F69-A59F-4CEE-940E-E4949B381190}.Release|x64.Build.0 = Release|x64
	EndGlobalSection
	GlobalSection(SolutionProperties) = preSolution
		HideSolutionNode = FALSE
	EndGlobalSection
	GlobalSection(ExtensibilityGlobals) = postSolution
		SolutionGuid = {C325A046-AC82-498F-91AA-506A409866AA}
	EndGlobalSection
EndGlobal
